
Microsoft Visual Studio Solution File, Format Version 12.00
# Visual Studio Version 17
VisualStudioVersion = 17.4.33110.190
MinimumVisualStudioVersion = 10.0.40219.1
Project("{54A90642-561A-4BB1-A94E-469ADEE60C69}") = "web.ui", "Web.UI\web.ui.esproj", "{72BF3D98-D359-424E-980B-F594AC2B369D}"
EndProject
Project("{FAE04EC0-301F-11D3-BF4B-00C04F79EFBC}") = "Web.Backend", "Web.Backend\Web.Backend.csproj", "{19AB248D-4077-4166-A9EF-31923F7A0CCD}"
EndProject
Global
	GlobalSection(SolutionConfigurationPlatforms) = preSolution
		Debug|Any CPU = Debug|Any CPU
		Release|Any CPU = Release|Any CPU
	EndGlobalSection
	GlobalSection(ProjectConfigurationPlatforms) = postSolution
		{72BF3D98-D359-424E-980B-F594AC2B369D}.Debug|Any CPU.ActiveCfg = Debug|Any CPU
		{72BF3D98-D359-424E-980B-F594AC2B369D}.Debug|Any CPU.Build.0 = Debug|Any CPU
		{72BF3D98-D359-424E-980B-F594AC2B369D}.Debug|Any CPU.Deploy.0 = Debug|Any CPU
		{72BF3D98-D359-424E-980B-F594AC2B369D}.Release|Any CPU.ActiveCfg = Release|Any CPU
		{72BF3D98-D359-424E-980B-F594AC2B369D}.Release|Any CPU.Build.0 = Release|Any CPU
		{72BF3D98-D359-424E-980B-F594AC2B369D}.Release|Any CPU.Deploy.0 = Release|Any CPU
		{19AB248D-4077-4166-A9EF-31923F7A0CCD}.Debug|Any CPU.ActiveCfg = Debug|Any CPU
		{19AB248D-4077-4166-A9EF-31923F7A0CCD}.Debug|Any CPU.Build.0 = Debug|Any CPU
		{19AB248D-4077-4166-A9EF-31923F7A0CCD}.Release|Any CPU.ActiveCfg = Release|Any CPU
		{19AB248D-4077-4166-A9EF-31923F7A0CCD}.Release|Any CPU.Build.0 = Release|Any CPU
	EndGlobalSection
	GlobalSection(SolutionProperties) = preSolution
		HideSolutionNode = FALSE
	EndGlobalSection
	GlobalSection(ExtensibilityGlobals) = postSolution
		SolutionGuid = {CCC4BF2A-0C41-4D85-B480-7EA9AD226458}
	EndGlobalSection
EndGlobal
